{
  "version": 4,
  "terraform_version": "0.12.8",
  "serial": 61,
  "lineage": "0b906499-923c-fa27-3bd7-2fffd22e94ac",
  "outputs": {
    "fip": {
      "value": "139.59.223.135",
      "type": "string"
    },
    "host": {
      "value": "178.128.52.172",
      "type": "string"
    }
  },
  "resources": [
    {
      "mode": "managed",
      "type": "digitalocean_droplet",
      "name": "minecraft",
      "provider": "provider.digitalocean",
      "instances": [
        {
          "schema_version": 1,
          "attributes": {
            "backups": false,
            "created_at": "2019-10-09T11:02:06Z",
            "disk": 40,
            "id": "162294327",
            "image": "docker-18-04",
            "ipv4_address": "178.128.52.172",
            "ipv4_address_private": "",
            "ipv6": false,
            "ipv6_address": "",
            "ipv6_address_private": null,
            "locked": false,
            "memory": 2048,
            "monitoring": false,
            "name": "minecraft",
            "price_hourly": 0.02976,
            "price_monthly": 20,
            "private_networking": false,
            "region": "sgp1",
            "resize_disk": true,
            "size": "2gb",
            "ssh_keys": [
              "25327020"
            ],
            "status": "active",
            "tags": null,
            "urn": "do:droplet:162294327",
            "user_data": null,
            "vcpus": 2,
            "volume_ids": [
              "4f7822a6-ea7e-11e9-b40f-0a58ac14a235"
            ]
          },
          "private": "eyJzY2hlbWFfdmVyc2lvbiI6IjEifQ==",
          "depends_on": [
            "digitalocean_ssh_key.default",
            "digitalocean_volume.data"
          ]
        }
      ]
    },
    {
      "mode": "managed",
      "type": "digitalocean_floating_ip",
      "name": "minecraftip",
      "provider": "provider.digitalocean",
      "instances": [
        {
          "schema_version": 0,
          "attributes": {
            "droplet_id": 162294327,
            "id": "139.59.223.135",
            "ip_address": "139.59.223.135",
            "region": "sgp1",
            "urn": "do:floatingip:139.59.223.135"
          },
          "private": "bnVsbA==",
          "depends_on": [
            "digitalocean_droplet.minecraft"
          ]
        }
      ]
    },
    {
      "mode": "managed",
      "type": "digitalocean_ssh_key",
      "name": "default",
      "provider": "provider.digitalocean",
      "instances": [
        {
          "schema_version": 0,
          "attributes": {
            "fingerprint": "5b:28:07:19:15:ed:05:7d:b6:bd:11:85:3f:f5:1a:fb",
            "id": "25327020",
            "name": "SSH Key",
            "public_key": "ssh-rsa AAAAB3NzaC1yc2EAAAADAQABAAABgQDE6qy/HCh3k2fUaJGBbdPFpqLzUal/9lncPPSWmgSYrKlra3sNX0RQcLul2Z7JYh8Dg7IQ+dTic5DJi/ODPsNWD1Hnk5mJxEH0JEAD2pE+BDZxz1KdtxauQXSVU1wNhp4tbmbzN2d7V5mt0sGlq0tukx37HmN09Z8HOzskqm0pZqVg8/EyovtmWebW0WmBT1u0ykl2MLdwd1WfSehqX7KbRC7dg+4w9nW8jxuC8pPaN2kebQ9WJUOv4GsjKAPLw1XFohIXkH8lI2ejve4VmrWo191RrkvQNs/JcaIk98xVgaV+Odi/sp9lWEdWnEliHTKviYu1TkLjMYZAg/uKm6x0+E7FLO/QPCj+X8pHmzZF/x7dpHU6xwPiib016Pd7w1R0U+ursEC7DaS5hehalWPdP/0Xiww2iLPgu8txLgkrWmS0BBAndExLGuFcou3UI93Tfii2L8TA4V9waEWFZQXi99JqKZkkkNVfNCPhk8S3hWkhWEVNXVHFSyutgI1QsBc= 23how09l@7480-GBMB5M2"
          }
        }
      ]
    },
    {
      "mode": "managed",
      "type": "digitalocean_volume",
      "name": "data",
      "provider": "provider.digitalocean",
      "instances": [
        {
          "schema_version": 0,
          "attributes": {
            "description": null,
            "droplet_ids": [
              162292291
            ],
            "filesystem_label": null,
            "filesystem_type": "ext4",
            "id": "4f7822a6-ea7e-11e9-b40f-0a58ac14a235",
            "initial_filesystem_label": null,
            "initial_filesystem_type": "ext4",
            "name": "volume-sgp1-01",
            "region": "sgp1",
            "size": 1,
            "snapshot_id": null,
            "urn": "do:volume:4f7822a6-ea7e-11e9-b40f-0a58ac14a235"
          }
        }
      ]
    }
  ]
}
